<?xml version="1.0" encoding="utf-8"?>
<Project ToolsVersion="4.0" xmlns="http://schemas.microsoft.com/developer/msbuild/2003">
  <ItemGroup>
    <Filter Include="Source Files">
      <UniqueIdentifier>{4FC737F1-C7A5-4376-A066-2A32D752A2FF}</UniqueIdentifier>
      <Extensions>cpp;c;cc;cxx;def;odl;idl;hpj;bat;asm;asmx</Extensions>
    </Filter>
    <Filter Include="Header Files">
      <UniqueIdentifier>{93995380-89BD-4b04-88EB-625FBE52EBFB}</UniqueIdentifier>
      <Extensions>h;hpp;hxx;hm;inl;inc;xsd</Extensions>
    </Filter>
    <Filter Include="Resource Files">
      <UniqueIdentifier>{67DA6AB6-F800-4c08-8B7A-83BB121AAD01}</UniqueIdentifier>
      <Extensions>rc;ico;cur;bmp;dlg;rc2;rct;bin;rgs;gif;jpg;jpeg;jpe;resx;tiff;tif;png;wav;mfcribbon-ms</Extensions>
    </Filter>
    <Filter Include="Source Files\Lekcje">
      <UniqueIdentifier>{99dc3885-7cda-47d4-adf0-65407d6d1bcd}</UniqueIdentifier>
    </Filter>
    <Filter Include="Source Files\Zadania domowe">
      <UniqueIdentifier>{8bdccd99-a0f2-4419-b6a6-6dda7be56fc8}</UniqueIdentifier>
    </Filter>
    <Filter Include="Header Files\Klasy">
      <UniqueIdentifier>{9a0254bf-df56-4431-96f1-148139118cda}</UniqueIdentifier>
    </Filter>
    <Filter Include="Header Files\Klasy\CCiecz">
      <UniqueIdentifier>{6e6e2214-8633-4158-8e11-09ab92752fc0}</UniqueIdentifier>
    </Filter>
    <Filter Include="Header Files\Klasy\CPralka">
      <UniqueIdentifier>{83ec0c96-21ab-4aee-816c-a2318be44437}</UniqueIdentifier>
    </Filter>
    <Filter Include="Header Files\Klasy\CSejf">
      <UniqueIdentifier>{c3eeba27-6f3b-4962-8e7d-59caa0ed4745}</UniqueIdentifier>
    </Filter>
    <Filter Include="Header Files\Klasy\CSwitch">
      <UniqueIdentifier>{57956a7a-7086-4662-a783-76d0b39de64f}</UniqueIdentifier>
    </Filter>
    <Filter Include="Header Files\Klasy\CTermos">
      <UniqueIdentifier>{505ab809-224d-40fe-9bb4-7f0384217490}</UniqueIdentifier>
    </Filter>
    <Filter Include="Header Files\Klasy\Inne klasy">
      <UniqueIdentifier>{5d63d8f3-3573-4e54-8e34-6ae774d39959}</UniqueIdentifier>
    </Filter>
    <Filter Include="Header Files\Klasy\Inne klasy\CDog">
      <UniqueIdentifier>{b481ef51-e5ab-49cd-9337-5bbfdbd4f22c}</UniqueIdentifier>
    </Filter>
    <Filter Include="Header Files\Klasy\Inne klasy\CDemo">
      <UniqueIdentifier>{b7a8f624-a6ec-4e68-bc29-286a2a7fb530}</UniqueIdentifier>
    </Filter>
    <Filter Include="Header Files\Klasy\Inne klasy\CColor">
      <UniqueIdentifier>{c55e50b8-0587-4011-ac2c-dcc66dafcb02}</UniqueIdentifier>
    </Filter>
    <Filter Include="Header Files\Klasy\Inne klasy\CBeben">
      <UniqueIdentifier>{a615ca93-3209-4339-a4ab-dada7d75603c}</UniqueIdentifier>
    </Filter>
  </ItemGroup>
  <ItemGroup>
    <ClCompile Include="Lekcja 1 - Klasy.cpp">
      <Filter>Source Files\Lekcje</Filter>
    </ClCompile>
    <ClCompile Include="Lekcja 3 - Dziedziczenie, vectory.cpp">
      <Filter>Source Files\Lekcje</Filter>
    </ClCompile>
    <ClCompile Include="Lekcja 2 - Klasy cd.cpp">
      <Filter>Source Files\Lekcje</Filter>
    </ClCompile>
    <ClCompile Include="Zadanie dom 1.cpp">
      <Filter>Source Files\Zadania domowe</Filter>
    </ClCompile>
    <ClCompile Include="Zadanie dom 2.cpp">
      <Filter>Source Files\Zadania domowe</Filter>
    </ClCompile>
    <ClCompile Include="CBeben.cpp">
      <Filter>Header Files\Klasy\Inne klasy\CBeben</Filter>
    </ClCompile>
    <ClCompile Include="CCiecz.cpp">
      <Filter>Header Files\Klasy\CCiecz</Filter>
    </ClCompile>
    <ClCompile Include="CColor.cpp">
      <Filter>Header Files\Klasy\Inne klasy\CColor</Filter>
    </ClCompile>
    <ClCompile Include="CDemo.cpp">
      <Filter>Header Files\Klasy\Inne klasy\CDemo</Filter>
    </ClCompile>
    <ClCompile Include="CDog.cpp">
      <Filter>Header Files\Klasy\Inne klasy\CDog</Filter>
    </ClCompile>
    <ClCompile Include="CPralka.cpp">
      <Filter>Header Files\Klasy\CPralka</Filter>
    </ClCompile>
    <ClCompile Include="CSejf.cpp">
      <Filter>Header Files\Klasy\CSejf</Filter>
    </ClCompile>
    <ClCompile Include="CSwitch.cpp">
      <Filter>Header Files\Klasy\CSwitch</Filter>
    </ClCompile>
    <ClCompile Include="CTermos.cpp">
      <Filter>Header Files\Klasy\CTermos</Filter>
    </ClCompile>
    <ClCompile Include="CSuperSejf.cpp">
      <Filter>Header Files</Filter>
    </ClCompile>
    <ClCompile Include="CSuperVehicle.cpp">
      <Filter>Header Files</Filter>
    </ClCompile>
    <ClCompile Include="CVehicle.cpp">
      <Filter>Header Files</Filter>
    </ClCompile>
    <ClCompile Include="Lekcja 4 - Dziedziczenie.cpp">
      <Filter>Source Files\Lekcje</Filter>
    </ClCompile>
    <ClCompile Include="CEnemy.cpp">
      <Filter>Header Files</Filter>
    </ClCompile>
    <ClCompile Include="Zadanie dom 3.cpp">
      <Filter>Source Files\Zadania domowe</Filter>
    </ClCompile>
    <ClCompile Include="CBoss.cpp">
      <Filter>Header Files</Filter>
    </ClCompile>
    <ClCompile Include="Lekca 5 - CUtilities.cpp">
      <Filter>Source Files\Lekcje</Filter>
    </ClCompile>
    <ClCompile Include="CUtilities.cpp">
      <Filter>Header Files</Filter>
    </ClCompile>
    <ClCompile Include="CSort.cpp">
      <Filter>Source Files</Filter>
    </ClCompile>
    <ClCompile Include="Lekcja 6 - Klasy statyczne.cpp">
      <Filter>Source Files\Lekcje</Filter>
    </ClCompile>
    <ClCompile Include="CPointer.cpp">
      <Filter>Source Files</Filter>
    </ClCompile>
    <ClCompile Include="Lekcja 7 - Template.cpp">
      <Filter>Source Files\Lekcje</Filter>
    </ClCompile>
    <ClCompile Include="pointers.cpp">
      <Filter>Source Files</Filter>
    </ClCompile>
    <ClCompile Include="pointers2.cpp">
      <Filter>Source Files</Filter>
    </ClCompile>
    <ClCompile Include="palindrom.cpp">
      <Filter>Source Files</Filter>
    </ClCompile>
    <ClCompile Include="main.cpp">
      <Filter>Source Files</Filter>
    </ClCompile>
  </ItemGroup>
  <ItemGroup>
    <ClInclude Include="CBeben.h">
      <Filter>Header Files\Klasy\Inne klasy\CBeben</Filter>
    </ClInclude>
    <ClInclude Include="CCiecz.h">
      <Filter>Header Files\Klasy\CCiecz</Filter>
    </ClInclude>
    <ClInclude Include="CColor.h">
      <Filter>Header Files\Klasy\Inne klasy\CColor</Filter>
    </ClInclude>
    <ClInclude Include="CDemo.h">
      <Filter>Header Files\Klasy\Inne klasy\CDemo</Filter>
    </ClInclude>
    <ClInclude Include="CDog.h">
      <Filter>Header Files\Klasy\Inne klasy\CDog</Filter>
    </ClInclude>
    <ClInclude Include="CPralka.h">
      <Filter>Header Files\Klasy\CPralka</Filter>
    </ClInclude>
    <ClInclude Include="CSejf.h">
      <Filter>Header Files\Klasy\CSejf</Filter>
    </ClInclude>
    <ClInclude Include="CSwitch.h">
      <Filter>Header Files\Klasy\CSwitch</Filter>
    </ClInclude>
    <ClInclude Include="CTermos.h">
      <Filter>Header Files\Klasy\CTermos</Filter>
    </ClInclude>
    <ClInclude Include="CSuperSejf.h">
      <Filter>Header Files</Filter>
    </ClInclude>
    <ClInclude Include="CSuperVehicle.h">
      <Filter>Header Files</Filter>
    </ClInclude>
    <ClInclude Include="CVehicle.h">
      <Filter>Header Files</Filter>
    </ClInclude>
    <ClInclude Include="CBoss.h">
      <Filter>Header Files</Filter>
    </ClInclude>
    <ClInclude Include="CEnemy.h">
      <Filter>Header Files</Filter>
    </ClInclude>
    <ClInclude Include="CUtilities.h">
      <Filter>Header Files</Filter>
    </ClInclude>
    <ClInclude Include="CSort.h">
      <Filter>Header Files</Filter>
    </ClInclude>
    <ClInclude Include="MyFunction.h">
      <Filter>Header Files</Filter>
    </ClInclude>
    <ClInclude Include="CPointer.h">
      <Filter>Header Files</Filter>
    </ClInclude>
  </ItemGroup>
</Project>